
Microsoft Visual Studio Solution File, Format Version 12.00
# Visual Studio Version 16
VisualStudioVersion = 16.0.31424.327
MinimumVisualStudioVersion = 10.0.40219.1
Project("{9A19103F-16F7-4668-BE54-9A1E7A4F7556}") = "PlatformService", "PlatformService\PlatformService.csproj", "{65C92C43-DB19-4D16-A406-1D73D198FBC8}"
EndProject
Project("{2150E333-8FDC-42A3-9474-1A3956D46DE8}") = "K8S", "K8S", "{ADE0014F-650B-499F-BCF5-21BF42AD5C81}"
	ProjectSection(SolutionItems) = preProject
		K8S\commands-depl.yaml = K8S\commands-depl.yaml
		K8S\ingress-srv.yaml = K8S\ingress-srv.yaml
		K8S\local-pvc.yaml = K8S\local-pvc.yaml
		K8S\mssql-plat-depl.yaml = K8S\mssql-plat-depl.yaml
		K8S\platforms-depl.yaml = K8S\platforms-depl.yaml
		K8S\platforms-np-srv.yaml = K8S\platforms-np-srv.yaml
		K8S\rabbitmq-depl.yaml = K8S\rabbitmq-depl.yaml
	EndProjectSection
EndProject
Project("{9A19103F-16F7-4668-BE54-9A1E7A4F7556}") = "CommandsService", "CommandsService\CommandsService.csproj", "{CA041919-9836-4470-8FD5-20BF1FE20E05}"
EndProject
Global
	GlobalSection(SolutionConfigurationPlatforms) = preSolution
		Debug|Any CPU = Debug|Any CPU
		Release|Any CPU = Release|Any CPU
	EndGlobalSection
	GlobalSection(ProjectConfigurationPlatforms) = postSolution
		{65C92C43-DB19-4D16-A406-1D73D198FBC8}.Debug|Any CPU.ActiveCfg = Debug|Any CPU
		{65C92C43-DB19-4D16-A406-1D73D198FBC8}.Debug|Any CPU.Build.0 = Debug|Any CPU
		{65C92C43-DB19-4D16-A406-1D73D198FBC8}.Release|Any CPU.ActiveCfg = Release|Any CPU
		{65C92C43-DB19-4D16-A406-1D73D198FBC8}.Release|Any CPU.Build.0 = Release|Any CPU
		{CA041919-9836-4470-8FD5-20BF1FE20E05}.Debug|Any CPU.ActiveCfg = Debug|Any CPU
		{CA041919-9836-4470-8FD5-20BF1FE20E05}.Debug|Any CPU.Build.0 = Debug|Any CPU
		{CA041919-9836-4470-8FD5-20BF1FE20E05}.Release|Any CPU.ActiveCfg = Release|Any CPU
		{CA041919-9836-4470-8FD5-20BF1FE20E05}.Release|Any CPU.Build.0 = Release|Any CPU
	EndGlobalSection
	GlobalSection(SolutionProperties) = preSolution
		HideSolutionNode = FALSE
	EndGlobalSection
	GlobalSection(ExtensibilityGlobals) = postSolution
		SolutionGuid = {816D49D1-6EC3-4586-9DB7-00873E4C3B2F}
	EndGlobalSection
EndGlobal
